github.com/devchat-ai/gopool v0.6.2 h1:J/tEybCiCCKPk1wYHLcnNZR95cqgPixB7UOg7NKwYVo=
github.com/devchat-ai/gopool v0.6.2/go.mod h1:76FN/gXD++grbOlqDz4bHO2jJQ4NNAZG+4W6cA29rDQ=
github.com/stretchr/testify v1.9.0 h1:HtqpIVDClZ4nwg75+f6Lvsy/wHu+3BoSGCbBAcpTsTg=
github.com/stretchr/testify v1.9.0/go.mod h1:r2ic/lqez/lEtzL7wO/rwa5dbSLXVDPFyf8C91i36aY=
